// !$*UTF8*$!
{
	archiveVersion = 1;
	classes = {
	};
	objectVersion = 46;
	objects = {

/* Begin PBXBuildFile section */
		AF065B7FC5A42335946C0D33 /* Pods_easynotes.framework in Frameworks */ = {isa = PBXBuildFile; fileRef = 508CE0E87A7D93CB2CC27E00 /* Pods_easynotes.framework */; };
		EEF070221D74825400604879 /* AppDelegate.swift in Sources */ = {isa = PBXBuildFile; fileRef = EEF070211D74825400604879 /* AppDelegate.swift */; };
		EEF070241D74825400604879 /* ViewController.swift in Sources */ = {isa = PBXBuildFile; fileRef = EEF070231D74825400604879 /* ViewController.swift */; };
		EEF070271D74825400604879 /* Main.storyboard in Resources */ = {isa = PBXBuildFile; fileRef = EEF070251D74825400604879 /* Main.storyboard */; };
		EEF070291D74825400604879 /* Assets.xcassets in Resources */ = {isa = PBXBuildFile; fileRef = EEF070281D74825400604879 /* Assets.xcassets */; };
		EEF0702C1D74825400604879 /* LaunchScreen.storyboard in Resources */ = {isa = PBXBuildFile; fileRef = EEF0702A1D74825400604879 /* LaunchScreen.storyboard */; };
/* End PBXBuildFile section */

/* Begin PBXFileReference section */
		508CE0E87A7D93CB2CC27E00 /* Pods_easynotes.framework */ = {isa = PBXFileReference; explicitFileType = wrapper.framework; includeInIndex = 0; path = Pods_easynotes.framework; sourceTree = BUILT_PRODUCTS_DIR; };
		561148709AF5EB864D222B2A /* Pods-easynotes.debug.xcconfig */ = {isa = PBXFileReference; includeInIndex = 1; lastKnownFileType = text.xcconfig; name = "Pods-easynotes.debug.xcconfig"; path = "Pods/Target Support Files/Pods-easynotes/Pods-easynotes.debug.xcconfig"; sourceTree = "<group>"; };
		DE19D3EEF9F32D3E5286AFEE /* Pods-easynotes.release.xcconfig */ = {isa = PBXFileReference; includeInIndex = 1; lastKnownFileType = text.xcconfig; name = "Pods-easynotes.release.xcconfig"; path = "Pods/Target Support Files/Pods-easynotes/Pods-easynotes.release.xcconfig"; sourceTree = "<group>"; };
		EEF0701E1D74825400604879 /* easynotes.app */ = {isa = PBXFileReference; explicitFileType = wrapper.application; includeInIndex = 0; path = easynotes.app; sourceTree = BUILT_PRODUCTS_DIR; };
		EEF070211D74825400604879 /* AppDelegate.swift */ = {isa = PBXFileReference; lastKnownFileType = sourcecode.swift; path = AppDelegate.swift; sourceTree = "<group>"; };
		EEF070231D74825400604879 /* ViewController.swift */ = {isa = PBXFileReference; lastKnownFileType = sourcecode.swift; path = ViewController.swift; sourceTree = "<group>"; };
		EEF070261D74825400604879 /* Base */ = {isa = PBXFileReference; lastKnownFileType = file.storyboard; name = Base; path = Base.lproj/Main.storyboard; sourceTree = "<group>"; };
		EEF070281D74825400604879 /* Assets.xcassets */ = {isa = PBXFileReference; lastKnownFileType = folder.assetcatalog; path = Assets.xcassets; sourceTree = "<group>"; };
		EEF0702B1D74825400604879 /* Base */ = {isa = PBXFileReference; lastKnownFileType = file.storyboard; name = Base; path = Base.lproj/LaunchScreen.storyboard; sourceTree = "<group>"; };
		EEF0702D1D74825400604879 /* Info.plist */ = {isa = PBXFileReference; lastKnownFileType = text.plist.xml; path = Info.plist; sourceTree = "<group>"; };
/* End PBXFileReference section */

/* Begin PBXFrameworksBuildPhase section */
		EEF0701B1D74825400604879 /* Frameworks */ = {
			isa = PBXFrameworksBuildPhase;
			buildActionMask = 2147483647;
			files = (
				AF065B7FC5A42335946C0D33 /* Pods_easynotes.framework in Frameworks */,
			);
			runOnlyForDeploymentPostprocessing = 0;
		};
/* End PBXFrameworksBuildPhase section */

/* Begin PBXGroup section */
		79B2CE24A956B386BBB1CC1A /* Pods */ = {
			isa = PBXGroup;
			children = (
				561148709AF5EB864D222B2A /* Pods-easynotes.debug.xcconfig */,
				DE19D3EEF9F32D3E5286AFEE /* Pods-easynotes.release.xcconfig */,
			);
			name = Pods;
			sourceTree = "<group>";
		};
		9C01FD21B73717A0CF6B42CB /* Frameworks */ = {
			isa = PBXGroup;
			children = (
				508CE0E87A7D93CB2CC27E00 /* Pods_easynotes.framework */,
			);
			name = Frameworks;
			sourceTree = "<group>";
		};
		EEF070151D74825400604879 = {
			isa = PBXGroup;
			children = (
				EEF070201D74825400604879 /* easynotes */,
				EEF0701F1D74825400604879 /* Products */,
				79B2CE24A956B386BBB1CC1A /* Pods */,
				9C01FD21B73717A0CF6B42CB /* Frameworks */,
			);
			sourceTree = "<group>";
		};
		EEF0701F1D74825400604879 /* Products */ = {
			isa = PBXGroup;
			children = (
				EEF0701E1D74825400604879 /* easynotes.app */,
			);
			name = Products;
			sourceTree = "<group>";
		};
		EEF070201D74825400604879 /* easynotes */ = {
			isa = PBXGroup;
			children = (
				EEF070211D74825400604879 /* AppDelegate.swift */,
				EEF070231D74825400604879 /* ViewController.swift */,
				EEF070251D74825400604879 /* Main.storyboard */,
				EEF070281D74825400604879 /* Assets.xcassets */,
				EEF0702A1D74825400604879 /* LaunchScreen.storyboard */,
				EEF0702D1D74825400604879 /* Info.plist */,
			);
			path = easynotes;
			sourceTree = "<group>";
		};
/* End PBXGroup section */

/* Begin PBXNativeTarget section */
		EEF0701D1D74825400604879 /* easynotes */ = {
			isa = PBXNativeTarget;
			buildConfigurationList = EEF070301D74825400604879 /* Build configuration list for PBXNativeTarget "easynotes" */;
			buildPhases = (
				F4EA791B51A4E94394D0422F /* [CP] Check Pods Manifest.lock */,
				EEF0701A1D74825400604879 /* Sources */,
				EEF0701B1D74825400604879 /* Frameworks */,
				EEF0701C1D74825400604879 /* Resources */,
				CA00A62F40E6433433728ED7 /* [CP] Embed Pods Frameworks */,
				237542C23478F2719AE1A013 /* [CP] Copy Pods Resources */,
			);
			buildRules = (
			);
			dependencies = (
			);
			name = easynotes;
			productName = easynotes;
			productReference = EEF0701E1D74825400604879 /* easynotes.app */;
			productType = "com.apple.product-type.application";
		};
/* End PBXNativeTarget section */

/* Begin PBXProject section */
		EEF070161D74825400604879 /* Project object */ = {
			isa = PBXProject;
			attributes = {
				LastSwiftUpdateCheck = 0730;
				LastUpgradeCheck = 0730;
				ORGANIZATIONNAME = Chotipat;
				TargetAttributes = {
					EEF0701D1D74825400604879 = {
						CreatedOnToolsVersion = 7.3.1;
					};
				};
			};
			buildConfigurationList = EEF070191D74825400604879 /* Build configuration list for PBXProject "easynotes" */;
			compatibilityVersion = "Xcode 3.2";
			developmentRegion = English;
			hasScannedForEncodings = 0;
			knownRegions = (
				en,
				Base,
			);
			mainGroup = EEF070151D74825400604879;
			productRefGroup = EEF0701F1D74825400604879 /* Products */;
			projectDirPath = "";
			projectRoot = "";
			targets = (
				EEF0701D1D74825400604879 /* easynotes */,
			);
		};
/* End PBXProject section */

/* Begin PBXResourcesBuildPhase section */
		EEF0701C1D74825400604879 /* Resources */ = {
			isa = PBXResourcesBuildPhase;
			buildActionMask = 2147483647;
			files = (
				EEF0702C1D74825400604879 /* LaunchScreen.storyboard in Resources */,
				EEF070291D74825400604879 /* Assets.xcassets in Resources */,
				EEF070271D74825400604879 /* Main.storyboard in Resources */,
			);
			runOnlyForDeploymentPostprocessing = 0;
		};
/* End PBXResourcesBuildPhase section */

/* Begin PBXShellScriptBuildPhase section */
		237542C23478F2719AE1A013 /* [CP] Copy Pods Resources */ = {
			isa = PBXShellScriptBuildPhase;
			buildActionMask = 2147483647;
			files = (
			);
			inputPaths = (
			);
			name = "[CP] Copy Pods Resources";
			outputPaths = (
			);
			runOnlyForDeploymentPostprocessing = 0;
			shellPath = /bin/sh;
			shellScript = "\"${SRCROOT}/Pods/Target Support Files/Pods-easynotes/Pods-easynotes-resources.sh\"\n";
			showEnvVarsInLog = 0;
		};
		CA00A62F40E6433433728ED7 /* [CP] Embed Pods Frameworks */ = {
			isa = PBXShellScriptBuildPhase;
			buildActionMask = 2147483647;
			files = (
			);
			inputPaths = (
			);
			name = "[CP] Embed Pods Frameworks";
			outputPaths = (
			);
			runOnlyForDeploymentPostprocessing = 0;
			shellPath = /bin/sh;
			shellScript = "\"${SRCROOT}/Pods/Target Support Files/Pods-easynotes/Pods-easynotes-frameworks.sh\"\n";
			showEnvVarsInLog = 0;
		};
		F4EA791B51A4E94394D0422F /* [CP] Check Pods Manifest.lock */ = {
			isa = PBXShellScriptBuildPhase;
			buildActionMask = 2147483647;
			files = (
			);
			inputPaths = (
			);
			name = "[CP] Check Pods Manifest.lock";
			outputPaths = (
			);
			runOnlyForDeploymentPostprocessing = 0;
			shellPath = /bin/sh;
			shellScript = "diff \"${PODS_ROOT}/../Podfile.lock\" \"${PODS_ROOT}/Manifest.lock\" > /dev/null\nif [ $? != 0 ] ; then\n    # print error to STDERR\n    echo \"error: The sandbox is not in sync with the Podfile.lock. Run 'pod install' or update your CocoaPods installation.\" >&2\n    exit 1\nfi\n";
			showEnvVarsInLog = 0;
		};
/* End PBXShellScriptBuildPhase section */

/* Begin PBXSourcesBuildPhase section */
		EEF0701A1D74825400604879 /* Sources */ = {
			isa = PBXSourcesBuildPhase;
			buildActionMask = 2147483647;
			files = (
				EEF070241D74825400604879 /* ViewController.swift in Sources */,
				EEF070221D74825400604879 /* AppDelegate.swift in Sources */,
			);
			runOnlyForDeploymentPostprocessing = 0;
		};
/* End PBXSourcesBuildPhase section */

/* Begin PBXVariantGroup section */
		EEF070251D74825400604879 /* Main.storyboard */ = {
			isa = PBXVariantGroup;
			children = (
				EEF070261D74825400604879 /* Base */,
			);
			name = Main.storyboard;
			sourceTree = "<group>";
		};
		EEF0702A1D74825400604879 /* LaunchScreen.storyboard */ = {
			isa = PBXVariantGroup;
			children = (
				EEF0702B1D74825400604879 /* Base */,
			);
			name = LaunchScreen.storyboard;
			sourceTree = "<group>";
		};
/* End PBXVariantGroup section */

/* Begin XCBuildConfiguration section */
		EEF0702E1D74825400604879 /* Debug */ = {
			isa = XCBuildConfiguration;
			buildSettings = {
				ALWAYS_SEARCH_USER_PATHS = NO;
				CLANG_ANALYZER_NONNULL = YES;
				CLANG_CXX_LANGUAGE_STANDARD = "gnu++0x";
				CLANG_CXX_LIBRARY = "libc++";
				CLANG_ENABLE_MODULES = YES;
				CLANG_ENABLE_OBJC_ARC = YES;
				CLANG_WARN_BOOL_CONVERSION = YES;
				CLANG_WARN_CONSTANT_CONVERSION = YES;
				CLANG_WARN_DIRECT_OBJC_ISA_USAGE = YES_ERROR;
				CLANG_WARN_EMPTY_BODY = YES;
				CLANG_WARN_ENUM_CONVERSION = YES;
				CLANG_WARN_INT_CONVERSION = YES;
				CLANG_WARN_OBJC_ROOT_CLASS = YES_ERROR;
				CLANG_WARN_UNREACHABLE_CODE = YES;
				CLANG_WARN__DUPLICATE_METHOD_MATCH = YES;
				"CODE_SIGN_IDENTITY[sdk=iphoneos*]" = "iPhone Developer";
				COPY_PHASE_STRIP = NO;
				DEBUG_INFORMATION_FORMAT = dwarf;
				ENABLE_STRICT_OBJC_MSGSEND = YES;
				ENABLE_TESTABILITY = YES;
				GCC_C_LANGUAGE_STANDARD = gnu99;
				GCC_DYNAMIC_NO_PIC = NO;
				GCC_NO_COMMON_BLOCKS = YES;
				GCC_OPTIMIZATION_LEVEL = 0;
				GCC_PREPROCESSOR_DEFINITIONS = (
					"DEBUG=1",
					"$(inherited)",
				);
				GCC_WARN_64_TO_32_BIT_CONVERSION = YES;
				GCC_WARN_ABOUT_RETURN_TYPE = YES_ERROR;
				GCC_WARN_UNDECLARED_SELECTOR = YES;
				GCC_WARN_UNINITIALIZED_AUTOS = YES_AGGRESSIVE;
				GCC_WARN_UNUSED_FUNCTION = YES;
				GCC_WARN_UNUSED_VARIABLE = YES;
				IPHONEOS_DEPLOYMENT_TARGET = 9.3;
				MTL_ENABLE_DEBUG_INFO = YES;
				ONLY_ACTIVE_ARCH = YES;
				SDKROOT = iphoneos;
				SWIFT_OPTIMIZATION_LEVEL = "-Onone";
			};
			name = Debug;
		};
		EEF0702F1D74825400604879 /* Release */ = {
			isa = XCBuildConfiguration;
			buildSettings = {
				ALWAYS_SEARCH_USER_PATHS = NO;
				CLANG_ANALYZER_NONNULL = YES;
				CLANG_CXX_LANGUAGE_STANDARD = "gnu++0x";
				CLANG_CXX_LIBRARY = "libc++";
				CLANG_ENABLE_MODULES = YES;
				CLANG_ENABLE_OBJC_ARC = YES;
				CLANG_WARN_BOOL_CONVERSION = YES;
				CLANG_WARN_CONSTANT_CONVERSION = YES;
				CLANG_WARN_DIRECT_OBJC_ISA_USAGE = YES_ERROR;
				CLANG_WARN_EMPTY_BODY = YES;
				CLANG_WARN_ENUM_CONVERSION = YES;
				CLANG_WARN_INT_CONVERSION = YES;
				CLANG_WARN_OBJC_ROOT_CLASS = YES_ERROR;
				CLANG_WARN_UNREACHABLE_CODE = YES;
				CLANG_WARN__DUPLICATE_METHOD_MATCH = YES;
				"CODE_SIGN_IDENTITY[sdk=iphoneos*]" = "iPhone Developer";
				COPY_PHASE_STRIP = NO;
				DEBUG_INFORMATION_FORMAT = "dwarf-with-dsym";
				ENABLE_NS_ASSERTIONS = NO;
				ENABLE_STRICT_OBJC_MSGSEND = YES;
				GCC_C_LANGUAGE_STANDARD = gnu99;
				GCC_NO_COMMON_BLOCKS = YES;
				GCC_WARN_64_TO_32_BIT_CONVERSION = YES;
				GCC_WARN_ABOUT_RETURN_TYPE = YES_ERROR;
				GCC_WARN_UNDECLARED_SELECTOR = YES;
				GCC_WARN_UNINITIALIZED_AUTOS = YES_AGGRESSIVE;
				GCC_WARN_UNUSED_FUNCTION = YES;
				GCC_WARN_UNUSED_VARIABLE = YES;
				IPHONEOS_DEPLOYMENT_TARGET = 9.3;
				MTL_ENABLE_DEBUG_INFO = NO;
				SDKROOT = iphoneos;
				VALIDATE_PRODUCT = YES;
			};
			name = Release;
		};
		EEF070311D74825400604879 /* Debug */ = {
			isa = XCBuildConfiguration;
			baseConfigurationReference = 561148709AF5EB864D222B2A /* Pods-easynotes.debug.xcconfig */;
			buildSettings = {
				ASSETCATALOG_COMPILER_APPICON_NAME = AppIcon;
				FRAMEWORK_SEARCH_PATHS = (
					"$(inherited)",
					"$(PROJECT_DIR)",
				);
				INFOPLIST_FILE = easynotes/Info.plist;
				IPHONEOS_DEPLOYMENT_TARGET = 9.0;
				LD_RUNPATH_SEARCH_PATHS = "$(inherited) @executable_path/Frameworks";
				PRODUCT_BUNDLE_IDENTIFIER = io.topclassic.easynotes;
				PRODUCT_NAME = "$(TARGET_NAME)";
			};
			name = Debug;
		};
		EEF070321D74825400604879 /* Release */ = {
			isa = XCBuildConfiguration;
			baseConfigurationReference = DE19D3EEF9F32D3E5286AFEE /* Pods-easynotes.release.xcconfig */;
			buildSettings = {
				ASSETCATALOG_COMPILER_APPICON_NAME = AppIcon;
				FRAMEWORK_SEARCH_PATHS = (
					"$(inherited)",
					"$(PROJECT_DIR)",
				);
				INFOPLIST_FILE = easynotes/Info.plist;
				IPHONEOS_DEPLOYMENT_TARGET = 9.0;
				LD_RUNPATH_SEARCH_PATHS = "$(inherited) @executable_path/Frameworks";
				PRODUCT_BUNDLE_IDENTIFIER = io.topclassic.easynotes;
				PRODUCT_NAME = "$(TARGET_NAME)";
			};
			name = Release;
		};
/* End XCBuildConfiguration section */

/* Begin XCConfigurationList section */
		EEF070191D74825400604879 /* Build configuration list for PBXProject "easynotes" */ = {
			isa = XCConfigurationList;
			buildConfigurations = (
				EEF0702E1D74825400604879 /* Debug */,
				EEF0702F1D74825400604879 /* Release */,
			);
			defaultConfigurationIsVisible = 0;
			defaultConfigurationName = Release;
		};
		EEF070301D74825400604879 /* Build configuration list for PBXNativeTarget "easynotes" */ = {
			isa = XCConfigurationList;
			buildConfigurations = (
				EEF070311D74825400604879 /* Debug */,
				EEF070321D74825400604879 /* Release */,
			);
			defaultConfigurationIsVisible = 0;
			defaultConfigurationName = Release;
		};
/* End XCConfigurationList section */
	};
	rootObject = EEF070161D74825400604879 /* Project object */;
}
